
Microsoft Visual Studio Solution File, Format Version 12.00
# Visual Studio Version 17
VisualStudioVersion = 17.3.32901.215
MinimumVisualStudioVersion = 10.0.40219.1
Project("{FAE04EC0-301F-11D3-BF4B-00C04F79EFBC}") = "TandemBEProject", "TandemBEProject\TandemBEProject.csproj", "{59A4A88A-FCD9-49AD-ABA3-CA1C1204B022}"
EndProject
Global
	GlobalSection(SolutionConfigurationPlatforms) = preSolution
		Debug|Any CPU = Debug|Any CPU
		Release|Any CPU = Release|Any CPU
	EndGlobalSection
	GlobalSection(ProjectConfigurationPlatforms) = postSolution
		{59A4A88A-FCD9-49AD-ABA3-CA1C1204B022}.Debug|Any CPU.ActiveCfg = Debug|Any CPU
		{59A4A88A-FCD9-49AD-ABA3-CA1C1204B022}.Debug|Any CPU.Build.0 = Debug|Any CPU
		{59A4A88A-FCD9-49AD-ABA3-CA1C1204B022}.Release|Any CPU.ActiveCfg = Release|Any CPU
		{59A4A88A-FCD9-49AD-ABA3-CA1C1204B022}.Release|Any CPU.Build.0 = Release|Any CPU
	EndGlobalSection
	GlobalSection(SolutionProperties) = preSolution
		HideSolutionNode = FALSE
	EndGlobalSection
	GlobalSection(ExtensibilityGlobals) = postSolution
		SolutionGuid = {CEF09C35-7D55-4B4C-AAE8-6F3DC8965A2D}
	EndGlobalSection
EndGlobal
